<?xml version="1.0" encoding="utf-8"?>
<Project ToolsVersion="4.0" xmlns="http://schemas.microsoft.com/developer/msbuild/2003">
  <ItemGroup>
    <Filter Include="inc">
      <UniqueIdentifier>{e2f25b7b-af43-46a4-92ad-7fee4c77612c}</UniqueIdentifier>
    </Filter>
    <Filter Include="src">
      <UniqueIdentifier>{4FC737F1-C7A5-4376-A066-2A32D752A2FF}</UniqueIdentifier>
      <Extensions>cpp;c;cc;cxx;def;odl;idl;hpj;bat;asm;asmx</Extensions>
    </Filter>
  </ItemGroup>
  <ItemGroup>
    <ClCompile Include="..\..\..\deps\shared\src\tlsio_openssl.c">
      <Filter>src</Filter>
    </ClCompile>
    <ClCompile Include="..\..\..\deps\shared\src\x509_openssl.c">
      <Filter>src</Filter>
    </ClCompile>
    <ClCompile Include="..\..\..\deps\shared\adapters\condition_pthreads.c">
      <Filter>src</Filter>
    </ClCompile>
    <ClCompile Include="..\..\..\deps\shared\adapters\httpapi_curl.c">
      <Filter>src</Filter>
    </ClCompile>
    <ClCompile Include="..\..\..\deps\shared\adapters\lock_pthreads.c">
      <Filter>src</Filter>
    </ClCompile>
    <ClCompile Include="..\..\..\deps\shared\adapters\threadapi_pthreads.c">
      <Filter>src</Filter>
    </ClCompile>
  </ItemGroup>
  <ItemGroup>
    <ClInclude Include="..\..\..\deps\shared\adapters\linux_time.h">
      <Filter>inc</Filter>
    </ClInclude>
  </ItemGroup>
</Project>